NeoBundleLock CSApprox a2958096696f9132ef0ece44b3fab93dac6df8d0
NeoBundleLock auto-pairs 5979999a17c7330abfe1d73fd3c8d72f09d77334
NeoBundleLock ctrlp-py-matcher 8a803267a741cff3d6147650745f83c8f2125578
NeoBundleLock ctrlp.vim 9a5d73df2ff0108f3fea872ff334ddd1b61661a8
NeoBundleLock grep.vim 852ddb0c6590bbc41c508d7f5d2fc17112492def
NeoBundleLock indentLine 2a2617310b0fb4c0daf02be2ba465fada257f2d0
NeoBundleLock molokai c67bdfcdb31415aa0ade7f8c003261700a885476
NeoBundleLock neobundle.vim a240bb2f40437ea87254df3c2745523d3f27cfcf
NeoBundleLock nerdtree 4ebbb533c3faf2c480211db2b547972bb3b60f2b
NeoBundleLock syntastic 7e986f142c49bdfb2927fd1e7e6a0a56090f98df
NeoBundleLock tagbar 7b36c46d17d57db34fdb0adac9ba6382d0bb5e66
NeoBundleLock ultisnips 78614503098571ecdb09f79bc9543aacdb0e41c0
NeoBundleLock vim-airline 168dd7970a95c0c5049fec0b101b7f53b6a22469
NeoBundleLock vim-airline-themes a59cea9cae61654d7ba98ef100e3e8883c4b4022
NeoBundleLock vim-bootstrap-updater 0a1ad97c89e2b5579f67568e8737c269b96f9e27
NeoBundleLock vim-commentary 73e0d9a9d1f51b6cc9dc965f62669194ae851cb1
NeoBundleLock vim-fugitive 841adb49add27ccc45e73e231d02103f1be987c4
NeoBundleLock vim-gitgutter 78d83c7056e1973ed4cbf9b5b3f09263a3dbf968
NeoBundleLock vim-go 5ce65295c297a99012756d63b3a6dae579cefc02
NeoBundleLock vim-misc 3e6b8fb6f03f13434543ce1f5d24f6a5d3f34f0b
NeoBundleLock vim-nerdtree-tabs 0decec122e9bb3e9328b01fa20a9650e79cc6ca7
NeoBundleLock vim-polyglot b0823d20685d0c03e70de3abfc85d79a8188d292
NeoBundleLock vim-session 9e9a6088f0554f6940c19889d0b2a8f39d13f2bb
NeoBundleLock vim-snippets ee4a8e936e9a2b50e2339df07f9d699d21ca3d1a
NeoBundleLock vim-trailing-whitespace 733fb64337b6da4a51c85a43450cd620d8b617b5
NeoBundleLock vimproc.vim 9269f3861a767733cc4d9fc44668e98fabcca7e9
NeoBundleLock vimshell.vim bdcd197b701734a743903c7547e9f56842701614
