NeoBundleLock CSApprox a2958096696f9132ef0ece44b3fab93dac6df8d0
NeoBundleLock auto-pairs 5979999a17c7330abfe1d73fd3c8d72f09d77334
NeoBundleLock ctrlp-py-matcher 8a803267a741cff3d6147650745f83c8f2125578
NeoBundleLock ctrlp.vim cd99e43613202d56b2adfc8f9bd216734a9601fd
NeoBundleLock grep.vim 852ddb0c6590bbc41c508d7f5d2fc17112492def
NeoBundleLock indentLine 2a2617310b0fb4c0daf02be2ba465fada257f2d0
NeoBundleLock molokai c67bdfcdb31415aa0ade7f8c003261700a885476
NeoBundleLock neobundle.vim 30c40ccbfc6371fb922eece6e0657eb5da9e479b
NeoBundleLock neocomplete 14698b37d10b8ae18a4850aa784fdd3130e4ba3e
NeoBundleLock nerdtree d280b15ba9388ab93f3401b26877a13fdb8ed816
NeoBundleLock sourcegraph-vim 1c2315eed56004c6bfe6a54ae4659704ff8d52ab
NeoBundleLock syntastic d6b96c079be137c83009827b543a83aa113cc011
NeoBundleLock tagbar 7b36c46d17d57db34fdb0adac9ba6382d0bb5e66
NeoBundleLock ultisnips 1c6b4f75a006c4411d01a1234cabda3eb4aded1a
NeoBundleLock vim-airline 7b9b68f15dc50ef3c6382bd9df3a5e70c9ddcee9
NeoBundleLock vim-airline-themes 796478723c01a275269b96f63ee5cd5b44a342f4
NeoBundleLock vim-bootstrap-updater 779edddfe57a372890293bd3c1f09edfd7256a55
NeoBundleLock vim-commentary 73e0d9a9d1f51b6cc9dc965f62669194ae851cb1
NeoBundleLock vim-fugitive 3439f999b138254e4bb56187fc91f91f545b4b12
NeoBundleLock vim-gitgutter 09b9144002e938844df74f48ac72c1e3118e7d39
NeoBundleLock vim-go 523d5a435d490c8c5ea3d8ed0ecac453e2f33f93
NeoBundleLock vim-misc 3e6b8fb6f03f13434543ce1f5d24f6a5d3f34f0b
NeoBundleLock vim-nerdtree-tabs 0decec122e9bb3e9328b01fa20a9650e79cc6ca7
NeoBundleLock vim-polyglot 44b3d860cb85ccb4edd52fb0dcf6a4102d12e82a
NeoBundleLock vim-session 9e9a6088f0554f6940c19889d0b2a8f39d13f2bb
NeoBundleLock vim-snippets e840b91a4e86cda657519eba00766a29a614e1e2
NeoBundleLock vim-trailing-whitespace 733fb64337b6da4a51c85a43450cd620d8b617b5
NeoBundleLock vimproc.vim c2f6b82af60a4e7acde0e8dc4e6b6f5dc1cc8e1d
NeoBundleLock vimshell.vim d36fde6da558d4cad7a1d03a07fd5e1fcf299141
